
Microsoft Visual Studio Solution File, Format Version 12.00
# Visual Studio Version 17
VisualStudioVersion = 17.3.32929.385
MinimumVisualStudioVersion = 10.0.40219.1
Project("{FAE04EC0-301F-11D3-BF4B-00C04F79EFBC}") = "MediaPlayer", "MediaPlayer\MediaPlayer.csproj", "{D630CA45-C83B-4BED-B3CA-88E99B08B056}"
EndProject
Global
	GlobalSection(SolutionConfigurationPlatforms) = preSolution
		Debug|Any CPU = Debug|Any CPU
		Release|Any CPU = Release|Any CPU
	EndGlobalSection
	GlobalSection(ProjectConfigurationPlatforms) = postSolution
		{D630CA45-C83B-4BED-B3CA-88E99B08B056}.Debug|Any CPU.ActiveCfg = Debug|Any CPU
		{D630CA45-C83B-4BED-B3CA-88E99B08B056}.Debug|Any CPU.Build.0 = Debug|Any CPU
		{D630CA45-C83B-4BED-B3CA-88E99B08B056}.Release|Any CPU.ActiveCfg = Release|Any CPU
		{D630CA45-C83B-4BED-B3CA-88E99B08B056}.Release|Any CPU.Build.0 = Release|Any CPU
	EndGlobalSection
	GlobalSection(SolutionProperties) = preSolution
		HideSolutionNode = FALSE
	EndGlobalSection
	GlobalSection(ExtensibilityGlobals) = postSolution
		SolutionGuid = {CACB6B2B-219E-4BEA-83E0-CEA897E5FA6C}
	EndGlobalSection
EndGlobal
